
Microsoft Visual Studio Solution File, Format Version 12.00
# Visual Studio Version 17
VisualStudioVersion = 17.1.32407.343
MinimumVisualStudioVersion = 10.0.40219.1
Project("{FAE04EC0-301F-11D3-BF4B-00C04F79EFBC}") = "WpfApp", "WpfApp\WpfApp.csproj", "{BDC6D263-AE46-4037-A602-D0ED0F6B6602}"
EndProject
Global
	GlobalSection(SolutionConfigurationPlatforms) = preSolution
		Debug|Any CPU = Debug|Any CPU
		Release|Any CPU = Release|Any CPU
	EndGlobalSection
	GlobalSection(ProjectConfigurationPlatforms) = postSolution
		{BDC6D263-AE46-4037-A602-D0ED0F6B6602}.Debug|Any CPU.ActiveCfg = Debug|Any CPU
		{BDC6D263-AE46-4037-A602-D0ED0F6B6602}.Debug|Any CPU.Build.0 = Debug|Any CPU
		{BDC6D263-AE46-4037-A602-D0ED0F6B6602}.Release|Any CPU.ActiveCfg = Release|Any CPU
		{BDC6D263-AE46-4037-A602-D0ED0F6B6602}.Release|Any CPU.Build.0 = Release|Any CPU
	EndGlobalSection
	GlobalSection(SolutionProperties) = preSolution
		HideSolutionNode = FALSE
	EndGlobalSection
	GlobalSection(ExtensibilityGlobals) = postSolution
		SolutionGuid = {543A1320-5F84-465A-BA6E-E692BD8D6A27}
	EndGlobalSection
EndGlobal
